// !$*UTF8*$!
{
	archiveVersion = 1;
	classes = {
	};
	objectVersion = 56;
	objects = {

/* Begin PBXBuildFile section */
		929F08442A85F5C4006C5132 /* AppDelegate.swift in Sources */ = {isa = PBXBuildFile; fileRef = 929F08432A85F5C4006C5132 /* AppDelegate.swift */; };
		929F08462A85F5C4006C5132 /* SceneDelegate.swift in Sources */ = {isa = PBXBuildFile; fileRef = 929F08452A85F5C4006C5132 /* SceneDelegate.swift */; };
		929F084B2A85F5C4006C5132 /* Main.storyboard in Resources */ = {isa = PBXBuildFile; fileRef = 929F08492A85F5C4006C5132 /* Main.storyboard */; };
		929F084D2A85F5C6006C5132 /* Assets.xcassets in Resources */ = {isa = PBXBuildFile; fileRef = 929F084C2A85F5C6006C5132 /* Assets.xcassets */; };
		929F08502A85F5C6006C5132 /* LaunchScreen.storyboard in Resources */ = {isa = PBXBuildFile; fileRef = 929F084E2A85F5C6006C5132 /* LaunchScreen.storyboard */; };
		929F085B2A85F5C6006C5132 /* Networking_AssignmnetTests.swift in Sources */ = {isa = PBXBuildFile; fileRef = 929F085A2A85F5C6006C5132 /* Networking_AssignmnetTests.swift */; };
		929F08652A85F5C6006C5132 /* Networking_AssignmnetUITests.swift in Sources */ = {isa = PBXBuildFile; fileRef = 929F08642A85F5C6006C5132 /* Networking_AssignmnetUITests.swift */; };
		929F08672A85F5C6006C5132 /* Networking_AssignmnetUITestsLaunchTests.swift in Sources */ = {isa = PBXBuildFile; fileRef = 929F08662A85F5C6006C5132 /* Networking_AssignmnetUITestsLaunchTests.swift */; };
		929F087B2A85FB2A006C5132 /* product.swift in Sources */ = {isa = PBXBuildFile; fileRef = 929F087A2A85FB2A006C5132 /* product.swift */; };
		929F087D2A85FD94006C5132 /* tableviewViewModel.swift in Sources */ = {isa = PBXBuildFile; fileRef = 929F087C2A85FD94006C5132 /* tableviewViewModel.swift */; };
		929F08802A85FE4A006C5132 /* InitialVC.swift in Sources */ = {isa = PBXBuildFile; fileRef = 929F087F2A85FE4A006C5132 /* InitialVC.swift */; };
		929F08832A860A79006C5132 /* FirstTableViewCell.swift in Sources */ = {isa = PBXBuildFile; fileRef = 929F08822A860A79006C5132 /* FirstTableViewCell.swift */; };
		929F08862A860E99006C5132 /* Apiservice.swift in Sources */ = {isa = PBXBuildFile; fileRef = 929F08852A860E99006C5132 /* Apiservice.swift */; };
/* End PBXBuildFile section */

/* Begin PBXContainerItemProxy section */
		929F08572A85F5C6006C5132 /* PBXContainerItemProxy */ = {
			isa = PBXContainerItemProxy;
			containerPortal = 929F08382A85F5C4006C5132 /* Project object */;
			proxyType = 1;
			remoteGlobalIDString = 929F083F2A85F5C4006C5132;
			remoteInfo = Networking_Assignmnet;
		};
		929F08612A85F5C6006C5132 /* PBXContainerItemProxy */ = {
			isa = PBXContainerItemProxy;
			containerPortal = 929F08382A85F5C4006C5132 /* Project object */;
			proxyType = 1;
			remoteGlobalIDString = 929F083F2A85F5C4006C5132;
			remoteInfo = Networking_Assignmnet;
		};
/* End PBXContainerItemProxy section */

/* Begin PBXFileReference section */
		929F08402A85F5C4006C5132 /* Networking_Assignmnet.app */ = {isa = PBXFileReference; explicitFileType = wrapper.application; includeInIndex = 0; path = Networking_Assignmnet.app; sourceTree = BUILT_PRODUCTS_DIR; };
		929F08432A85F5C4006C5132 /* AppDelegate.swift */ = {isa = PBXFileReference; lastKnownFileType = sourcecode.swift; path = AppDelegate.swift; sourceTree = "<group>"; };
		929F08452A85F5C4006C5132 /* SceneDelegate.swift */ = {isa = PBXFileReference; lastKnownFileType = sourcecode.swift; path = SceneDelegate.swift; sourceTree = "<group>"; };
		929F084A2A85F5C4006C5132 /* Base */ = {isa = PBXFileReference; lastKnownFileType = file.storyboard; name = Base; path = Base.lproj/Main.storyboard; sourceTree = "<group>"; };
		929F084C2A85F5C6006C5132 /* Assets.xcassets */ = {isa = PBXFileReference; lastKnownFileType = folder.assetcatalog; path = Assets.xcassets; sourceTree = "<group>"; };
		929F084F2A85F5C6006C5132 /* Base */ = {isa = PBXFileReference; lastKnownFileType = file.storyboard; name = Base; path = Base.lproj/LaunchScreen.storyboard; sourceTree = "<group>"; };
		929F08512A85F5C6006C5132 /* Info.plist */ = {isa = PBXFileReference; lastKnownFileType = text.plist.xml; path = Info.plist; sourceTree = "<group>"; };
		929F08562A85F5C6006C5132 /* Networking_AssignmnetTests.xctest */ = {isa = PBXFileReference; explicitFileType = wrapper.cfbundle; includeInIndex = 0; path = Networking_AssignmnetTests.xctest; sourceTree = BUILT_PRODUCTS_DIR; };
		929F085A2A85F5C6006C5132 /* Networking_AssignmnetTests.swift */ = {isa = PBXFileReference; lastKnownFileType = sourcecode.swift; path = Networking_AssignmnetTests.swift; sourceTree = "<group>"; };
		929F08602A85F5C6006C5132 /* Networking_AssignmnetUITests.xctest */ = {isa = PBXFileReference; explicitFileType = wrapper.cfbundle; includeInIndex = 0; path = Networking_AssignmnetUITests.xctest; sourceTree = BUILT_PRODUCTS_DIR; };
		929F08642A85F5C6006C5132 /* Networking_AssignmnetUITests.swift */ = {isa = PBXFileReference; lastKnownFileType = sourcecode.swift; path = Networking_AssignmnetUITests.swift; sourceTree = "<group>"; };
		929F08662A85F5C6006C5132 /* Networking_AssignmnetUITestsLaunchTests.swift */ = {isa = PBXFileReference; lastKnownFileType = sourcecode.swift; path = Networking_AssignmnetUITestsLaunchTests.swift; sourceTree = "<group>"; };
		929F087A2A85FB2A006C5132 /* product.swift */ = {isa = PBXFileReference; lastKnownFileType = sourcecode.swift; path = product.swift; sourceTree = "<group>"; };
		929F087C2A85FD94006C5132 /* tableviewViewModel.swift */ = {isa = PBXFileReference; lastKnownFileType = sourcecode.swift; path = tableviewViewModel.swift; sourceTree = "<group>"; };
		929F087F2A85FE4A006C5132 /* InitialVC.swift */ = {isa = PBXFileReference; lastKnownFileType = sourcecode.swift; path = InitialVC.swift; sourceTree = "<group>"; };
		929F08822A860A79006C5132 /* FirstTableViewCell.swift */ = {isa = PBXFileReference; lastKnownFileType = sourcecode.swift; path = FirstTableViewCell.swift; sourceTree = "<group>"; };
		929F08852A860E99006C5132 /* Apiservice.swift */ = {isa = PBXFileReference; lastKnownFileType = sourcecode.swift; path = Apiservice.swift; sourceTree = "<group>"; };
/* End PBXFileReference section */

/* Begin PBXFrameworksBuildPhase section */
		929F083D2A85F5C4006C5132 /* Frameworks */ = {
			isa = PBXFrameworksBuildPhase;
			buildActionMask = 2147483647;
			files = (
			);
			runOnlyForDeploymentPostprocessing = 0;
		};
		929F08532A85F5C6006C5132 /* Frameworks */ = {
			isa = PBXFrameworksBuildPhase;
			buildActionMask = 2147483647;
			files = (
			);
			runOnlyForDeploymentPostprocessing = 0;
		};
		929F085D2A85F5C6006C5132 /* Frameworks */ = {
			isa = PBXFrameworksBuildPhase;
			buildActionMask = 2147483647;
			files = (
			);
			runOnlyForDeploymentPostprocessing = 0;
		};
/* End PBXFrameworksBuildPhase section */

/* Begin PBXGroup section */
		929F08372A85F5C4006C5132 = {
			isa = PBXGroup;
			children = (
				929F08422A85F5C4006C5132 /* Networking_Assignmnet */,
				929F08592A85F5C6006C5132 /* Networking_AssignmnetTests */,
				929F08632A85F5C6006C5132 /* Networking_AssignmnetUITests */,
				929F08412A85F5C4006C5132 /* Products */,
			);
			sourceTree = "<group>";
		};
		929F08412A85F5C4006C5132 /* Products */ = {
			isa = PBXGroup;
			children = (
				929F08402A85F5C4006C5132 /* Networking_Assignmnet.app */,
				929F08562A85F5C6006C5132 /* Networking_AssignmnetTests.xctest */,
				929F08602A85F5C6006C5132 /* Networking_AssignmnetUITests.xctest */,
			);
			name = Products;
			sourceTree = "<group>";
		};
		929F08422A85F5C4006C5132 /* Networking_Assignmnet */ = {
			isa = PBXGroup;
			children = (
				929F08762A85F797006C5132 /* Application */,
				929F08842A860E73006C5132 /* services */,
				929F08752A85F64E006C5132 /* Model */,
				929F08732A85F646006C5132 /* Viewmodel */,
				929F08742A85F64B006C5132 /* View */,
				929F084C2A85F5C6006C5132 /* Assets.xcassets */,
				929F084E2A85F5C6006C5132 /* LaunchScreen.storyboard */,
				929F08512A85F5C6006C5132 /* Info.plist */,
			);
			path = Networking_Assignmnet;
			sourceTree = "<group>";
		};
		929F08592A85F5C6006C5132 /* Networking_AssignmnetTests */ = {
			isa = PBXGroup;
			children = (
				929F085A2A85F5C6006C5132 /* Networking_AssignmnetTests.swift */,
			);
			path = Networking_AssignmnetTests;
			sourceTree = "<group>";
		};
		929F08632A85F5C6006C5132 /* Networking_AssignmnetUITests */ = {
			isa = PBXGroup;
			children = (
				929F08642A85F5C6006C5132 /* Networking_AssignmnetUITests.swift */,
				929F08662A85F5C6006C5132 /* Networking_AssignmnetUITestsLaunchTests.swift */,
			);
			path = Networking_AssignmnetUITests;
			sourceTree = "<group>";
		};
		929F08732A85F646006C5132 /* Viewmodel */ = {
			isa = PBXGroup;
			children = (
				929F087C2A85FD94006C5132 /* tableviewViewModel.swift */,
			);
			path = Viewmodel;
			sourceTree = "<group>";
		};
		929F08742A85F64B006C5132 /* View */ = {
			isa = PBXGroup;
			children = (
				929F08812A860A5A006C5132 /* Tableviewcell */,
				929F087E2A85FE18006C5132 /* Controller */,
				929F08772A85F80C006C5132 /* Storyboard */,
			);
			path = View;
			sourceTree = "<group>";
		};
		929F08752A85F64E006C5132 /* Model */ = {
			isa = PBXGroup;
			children = (
				929F087A2A85FB2A006C5132 /* product.swift */,
				929F08852A860E99006C5132 /* Apiservice.swift */,
			);
			path = Model;
			sourceTree = "<group>";
		};
		929F08762A85F797006C5132 /* Application */ = {
			isa = PBXGroup;
			children = (
				929F08432A85F5C4006C5132 /* AppDelegate.swift */,
				929F08452A85F5C4006C5132 /* SceneDelegate.swift */,
			);
			path = Application;
			sourceTree = "<group>";
		};
		929F08772A85F80C006C5132 /* Storyboard */ = {
			isa = PBXGroup;
			children = (
				929F08492A85F5C4006C5132 /* Main.storyboard */,
			);
			path = Storyboard;
			sourceTree = "<group>";
		};
		929F087E2A85FE18006C5132 /* Controller */ = {
			isa = PBXGroup;
			children = (
				929F087F2A85FE4A006C5132 /* InitialVC.swift */,
			);
			path = Controller;
			sourceTree = "<group>";
		};
		929F08812A860A5A006C5132 /* Tableviewcell */ = {
			isa = PBXGroup;
			children = (
				929F08822A860A79006C5132 /* FirstTableViewCell.swift */,
			);
			path = Tableviewcell;
			sourceTree = "<group>";
		};
		929F08842A860E73006C5132 /* services */ = {
			isa = PBXGroup;
			children = (
			);
			path = services;
			sourceTree = "<group>";
		};
/* End PBXGroup section */

/* Begin PBXNativeTarget section */
		929F083F2A85F5C4006C5132 /* Networking_Assignmnet */ = {
			isa = PBXNativeTarget;
			buildConfigurationList = 929F086A2A85F5C6006C5132 /* Build configuration list for PBXNativeTarget "Networking_Assignmnet" */;
			buildPhases = (
				929F083C2A85F5C4006C5132 /* Sources */,
				929F083D2A85F5C4006C5132 /* Frameworks */,
				929F083E2A85F5C4006C5132 /* Resources */,
			);
			buildRules = (
			);
			dependencies = (
			);
			name = Networking_Assignmnet;
			productName = Networking_Assignmnet;
			productReference = 929F08402A85F5C4006C5132 /* Networking_Assignmnet.app */;
			productType = "com.apple.product-type.application";
		};
		929F08552A85F5C6006C5132 /* Networking_AssignmnetTests */ = {
			isa = PBXNativeTarget;
			buildConfigurationList = 929F086D2A85F5C6006C5132 /* Build configuration list for PBXNativeTarget "Networking_AssignmnetTests" */;
			buildPhases = (
				929F08522A85F5C6006C5132 /* Sources */,
				929F08532A85F5C6006C5132 /* Frameworks */,
				929F08542A85F5C6006C5132 /* Resources */,
			);
			buildRules = (
			);
			dependencies = (
				929F08582A85F5C6006C5132 /* PBXTargetDependency */,
			);
			name = Networking_AssignmnetTests;
			productName = Networking_AssignmnetTests;
			productReference = 929F08562A85F5C6006C5132 /* Networking_AssignmnetTests.xctest */;
			productType = "com.apple.product-type.bundle.unit-test";
		};
		929F085F2A85F5C6006C5132 /* Networking_AssignmnetUITests */ = {
			isa = PBXNativeTarget;
			buildConfigurationList = 929F08702A85F5C6006C5132 /* Build configuration list for PBXNativeTarget "Networking_AssignmnetUITests" */;
			buildPhases = (
				929F085C2A85F5C6006C5132 /* Sources */,
				929F085D2A85F5C6006C5132 /* Frameworks */,
				929F085E2A85F5C6006C5132 /* Resources */,
			);
			buildRules = (
			);
			dependencies = (
				929F08622A85F5C6006C5132 /* PBXTargetDependency */,
			);
			name = Networking_AssignmnetUITests;
			productName = Networking_AssignmnetUITests;
			productReference = 929F08602A85F5C6006C5132 /* Networking_AssignmnetUITests.xctest */;
			productType = "com.apple.product-type.bundle.ui-testing";
		};
/* End PBXNativeTarget section */

/* Begin PBXProject section */
		929F08382A85F5C4006C5132 /* Project object */ = {
			isa = PBXProject;
			attributes = {
				BuildIndependentTargetsInParallel = 1;
				LastSwiftUpdateCheck = 1410;
				LastUpgradeCheck = 1410;
				TargetAttributes = {
					929F083F2A85F5C4006C5132 = {
						CreatedOnToolsVersion = 14.1;
					};
					929F08552A85F5C6006C5132 = {
						CreatedOnToolsVersion = 14.1;
						TestTargetID = 929F083F2A85F5C4006C5132;
					};
					929F085F2A85F5C6006C5132 = {
						CreatedOnToolsVersion = 14.1;
						TestTargetID = 929F083F2A85F5C4006C5132;
					};
				};
			};
			buildConfigurationList = 929F083B2A85F5C4006C5132 /* Build configuration list for PBXProject "Networking_Assignmnet" */;
			compatibilityVersion = "Xcode 14.0";
			developmentRegion = en;
			hasScannedForEncodings = 0;
			knownRegions = (
				en,
				Base,
			);
			mainGroup = 929F08372A85F5C4006C5132;
			productRefGroup = 929F08412A85F5C4006C5132 /* Products */;
			projectDirPath = "";
			projectRoot = "";
			targets = (
				929F083F2A85F5C4006C5132 /* Networking_Assignmnet */,
				929F08552A85F5C6006C5132 /* Networking_AssignmnetTests */,
				929F085F2A85F5C6006C5132 /* Networking_AssignmnetUITests */,
			);
		};
/* End PBXProject section */

/* Begin PBXResourcesBuildPhase section */
		929F083E2A85F5C4006C5132 /* Resources */ = {
			isa = PBXResourcesBuildPhase;
			buildActionMask = 2147483647;
			files = (
				929F08502A85F5C6006C5132 /* LaunchScreen.storyboard in Resources */,
				929F084D2A85F5C6006C5132 /* Assets.xcassets in Resources */,
				929F084B2A85F5C4006C5132 /* Main.storyboard in Resources */,
			);
			runOnlyForDeploymentPostprocessing = 0;
		};
		929F08542A85F5C6006C5132 /* Resources */ = {
			isa = PBXResourcesBuildPhase;
			buildActionMask = 2147483647;
			files = (
			);
			runOnlyForDeploymentPostprocessing = 0;
		};
		929F085E2A85F5C6006C5132 /* Resources */ = {
			isa = PBXResourcesBuildPhase;
			buildActionMask = 2147483647;
			files = (
			);
			runOnlyForDeploymentPostprocessing = 0;
		};
/* End PBXResourcesBuildPhase section */

/* Begin PBXSourcesBuildPhase section */
		929F083C2A85F5C4006C5132 /* Sources */ = {
			isa = PBXSourcesBuildPhase;
			buildActionMask = 2147483647;
			files = (
				929F08832A860A79006C5132 /* FirstTableViewCell.swift in Sources */,
				929F08862A860E99006C5132 /* Apiservice.swift in Sources */,
				929F08802A85FE4A006C5132 /* InitialVC.swift in Sources */,
				929F087B2A85FB2A006C5132 /* product.swift in Sources */,
				929F087D2A85FD94006C5132 /* tableviewViewModel.swift in Sources */,
				929F08442A85F5C4006C5132 /* AppDelegate.swift in Sources */,
				929F08462A85F5C4006C5132 /* SceneDelegate.swift in Sources */,
			);
			runOnlyForDeploymentPostprocessing = 0;
		};
		929F08522A85F5C6006C5132 /* Sources */ = {
			isa = PBXSourcesBuildPhase;
			buildActionMask = 2147483647;
			files = (
				929F085B2A85F5C6006C5132 /* Networking_AssignmnetTests.swift in Sources */,
			);
			runOnlyForDeploymentPostprocessing = 0;
		};
		929F085C2A85F5C6006C5132 /* Sources */ = {
			isa = PBXSourcesBuildPhase;
			buildActionMask = 2147483647;
			files = (
				929F08652A85F5C6006C5132 /* Networking_AssignmnetUITests.swift in Sources */,
				929F08672A85F5C6006C5132 /* Networking_AssignmnetUITestsLaunchTests.swift in Sources */,
			);
			runOnlyForDeploymentPostprocessing = 0;
		};
/* End PBXSourcesBuildPhase section */

/* Begin PBXTargetDependency section */
		929F08582A85F5C6006C5132 /* PBXTargetDependency */ = {
			isa = PBXTargetDependency;
			target = 929F083F2A85F5C4006C5132 /* Networking_Assignmnet */;
			targetProxy = 929F08572A85F5C6006C5132 /* PBXContainerItemProxy */;
		};
		929F08622A85F5C6006C5132 /* PBXTargetDependency */ = {
			isa = PBXTargetDependency;
			target = 929F083F2A85F5C4006C5132 /* Networking_Assignmnet */;
			targetProxy = 929F08612A85F5C6006C5132 /* PBXContainerItemProxy */;
		};
/* End PBXTargetDependency section */

/* Begin PBXVariantGroup section */
		929F08492A85F5C4006C5132 /* Main.storyboard */ = {
			isa = PBXVariantGroup;
			children = (
				929F084A2A85F5C4006C5132 /* Base */,
			);
			name = Main.storyboard;
			sourceTree = "<group>";
		};
		929F084E2A85F5C6006C5132 /* LaunchScreen.storyboard */ = {
			isa = PBXVariantGroup;
			children = (
				929F084F2A85F5C6006C5132 /* Base */,
			);
			name = LaunchScreen.storyboard;
			sourceTree = "<group>";
		};
/* End PBXVariantGroup section */

/* Begin XCBuildConfiguration section */
		929F08682A85F5C6006C5132 /* Debug */ = {
			isa = XCBuildConfiguration;
			buildSettings = {
				ALWAYS_SEARCH_USER_PATHS = NO;
				CLANG_ANALYZER_NONNULL = YES;
				CLANG_ANALYZER_NUMBER_OBJECT_CONVERSION = YES_AGGRESSIVE;
				CLANG_CXX_LANGUAGE_STANDARD = "gnu++20";
				CLANG_ENABLE_MODULES = YES;
				CLANG_ENABLE_OBJC_ARC = YES;
				CLANG_ENABLE_OBJC_WEAK = YES;
				CLANG_WARN_BLOCK_CAPTURE_AUTORELEASING = YES;
				CLANG_WARN_BOOL_CONVERSION = YES;
				CLANG_WARN_COMMA = YES;
				CLANG_WARN_CONSTANT_CONVERSION = YES;
				CLANG_WARN_DEPRECATED_OBJC_IMPLEMENTATIONS = YES;
				CLANG_WARN_DIRECT_OBJC_ISA_USAGE = YES_ERROR;
				CLANG_WARN_DOCUMENTATION_COMMENTS = YES;
				CLANG_WARN_EMPTY_BODY = YES;
				CLANG_WARN_ENUM_CONVERSION = YES;
				CLANG_WARN_INFINITE_RECURSION = YES;
				CLANG_WARN_INT_CONVERSION = YES;
				CLANG_WARN_NON_LITERAL_NULL_CONVERSION = YES;
				CLANG_WARN_OBJC_IMPLICIT_RETAIN_SELF = YES;
				CLANG_WARN_OBJC_LITERAL_CONVERSION = YES;
				CLANG_WARN_OBJC_ROOT_CLASS = YES_ERROR;
				CLANG_WARN_QUOTED_INCLUDE_IN_FRAMEWORK_HEADER = YES;
				CLANG_WARN_RANGE_LOOP_ANALYSIS = YES;
				CLANG_WARN_STRICT_PROTOTYPES = YES;
				CLANG_WARN_SUSPICIOUS_MOVE = YES;
				CLANG_WARN_UNGUARDED_AVAILABILITY = YES_AGGRESSIVE;
				CLANG_WARN_UNREACHABLE_CODE = YES;
				CLANG_WARN__DUPLICATE_METHOD_MATCH = YES;
				COPY_PHASE_STRIP = NO;
				DEBUG_INFORMATION_FORMAT = dwarf;
				ENABLE_STRICT_OBJC_MSGSEND = YES;
				ENABLE_TESTABILITY = YES;
				GCC_C_LANGUAGE_STANDARD = gnu11;
				GCC_DYNAMIC_NO_PIC = NO;
				GCC_NO_COMMON_BLOCKS = YES;
				GCC_OPTIMIZATION_LEVEL = 0;
				GCC_PREPROCESSOR_DEFINITIONS = (
					"DEBUG=1",
					"$(inherited)",
				);
				GCC_WARN_64_TO_32_BIT_CONVERSION = YES;
				GCC_WARN_ABOUT_RETURN_TYPE = YES_ERROR;
				GCC_WARN_UNDECLARED_SELECTOR = YES;
				GCC_WARN_UNINITIALIZED_AUTOS = YES_AGGRESSIVE;
				GCC_WARN_UNUSED_FUNCTION = YES;
				GCC_WARN_UNUSED_VARIABLE = YES;
				IPHONEOS_DEPLOYMENT_TARGET = 16.1;
				MTL_ENABLE_DEBUG_INFO = INCLUDE_SOURCE;
				MTL_FAST_MATH = YES;
				ONLY_ACTIVE_ARCH = YES;
				SDKROOT = iphoneos;
				SWIFT_ACTIVE_COMPILATION_CONDITIONS = DEBUG;
				SWIFT_OPTIMIZATION_LEVEL = "-Onone";
			};
			name = Debug;
		};
		929F08692A85F5C6006C5132 /* Release */ = {
			isa = XCBuildConfiguration;
			buildSettings = {
				ALWAYS_SEARCH_USER_PATHS = NO;
				CLANG_ANALYZER_NONNULL = YES;
				CLANG_ANALYZER_NUMBER_OBJECT_CONVERSION = YES_AGGRESSIVE;
				CLANG_CXX_LANGUAGE_STANDARD = "gnu++20";
				CLANG_ENABLE_MODULES = YES;
				CLANG_ENABLE_OBJC_ARC = YES;
				CLANG_ENABLE_OBJC_WEAK = YES;
				CLANG_WARN_BLOCK_CAPTURE_AUTORELEASING = YES;
				CLANG_WARN_BOOL_CONVERSION = YES;
				CLANG_WARN_COMMA = YES;
				CLANG_WARN_CONSTANT_CONVERSION = YES;
				CLANG_WARN_DEPRECATED_OBJC_IMPLEMENTATIONS = YES;
				CLANG_WARN_DIRECT_OBJC_ISA_USAGE = YES_ERROR;
				CLANG_WARN_DOCUMENTATION_COMMENTS = YES;
				CLANG_WARN_EMPTY_BODY = YES;
				CLANG_WARN_ENUM_CONVERSION = YES;
				CLANG_WARN_INFINITE_RECURSION = YES;
				CLANG_WARN_INT_CONVERSION = YES;
				CLANG_WARN_NON_LITERAL_NULL_CONVERSION = YES;
				CLANG_WARN_OBJC_IMPLICIT_RETAIN_SELF = YES;
				CLANG_WARN_OBJC_LITERAL_CONVERSION = YES;
				CLANG_WARN_OBJC_ROOT_CLASS = YES_ERROR;
				CLANG_WARN_QUOTED_INCLUDE_IN_FRAMEWORK_HEADER = YES;
				CLANG_WARN_RANGE_LOOP_ANALYSIS = YES;
				CLANG_WARN_STRICT_PROTOTYPES = YES;
				CLANG_WARN_SUSPICIOUS_MOVE = YES;
				CLANG_WARN_UNGUARDED_AVAILABILITY = YES_AGGRESSIVE;
				CLANG_WARN_UNREACHABLE_CODE = YES;
				CLANG_WARN__DUPLICATE_METHOD_MATCH = YES;
				COPY_PHASE_STRIP = NO;
				DEBUG_INFORMATION_FORMAT = "dwarf-with-dsym";
				ENABLE_NS_ASSERTIONS = NO;
				ENABLE_STRICT_OBJC_MSGSEND = YES;
				GCC_C_LANGUAGE_STANDARD = gnu11;
				GCC_NO_COMMON_BLOCKS = YES;
				GCC_WARN_64_TO_32_BIT_CONVERSION = YES;
				GCC_WARN_ABOUT_RETURN_TYPE = YES_ERROR;
				GCC_WARN_UNDECLARED_SELECTOR = YES;
				GCC_WARN_UNINITIALIZED_AUTOS = YES_AGGRESSIVE;
				GCC_WARN_UNUSED_FUNCTION = YES;
				GCC_WARN_UNUSED_VARIABLE = YES;
				IPHONEOS_DEPLOYMENT_TARGET = 16.1;
				MTL_ENABLE_DEBUG_INFO = NO;
				MTL_FAST_MATH = YES;
				SDKROOT = iphoneos;
				SWIFT_COMPILATION_MODE = wholemodule;
				SWIFT_OPTIMIZATION_LEVEL = "-O";
				VALIDATE_PRODUCT = YES;
			};
			name = Release;
		};
		929F086B2A85F5C6006C5132 /* Debug */ = {
			isa = XCBuildConfiguration;
			buildSettings = {
				ASSETCATALOG_COMPILER_APPICON_NAME = AppIcon;
				ASSETCATALOG_COMPILER_GLOBAL_ACCENT_COLOR_NAME = AccentColor;
				CODE_SIGN_STYLE = Automatic;
				CURRENT_PROJECT_VERSION = 1;
				GENERATE_INFOPLIST_FILE = YES;
				INFOPLIST_FILE = Networking_Assignmnet/Info.plist;
				INFOPLIST_KEY_UIApplicationSupportsIndirectInputEvents = YES;
				INFOPLIST_KEY_UILaunchStoryboardName = LaunchScreen;
				INFOPLIST_KEY_UIMainStoryboardFile = Main;
				INFOPLIST_KEY_UISupportedInterfaceOrientations_iPad = "UIInterfaceOrientationPortrait UIInterfaceOrientationPortraitUpsideDown UIInterfaceOrientationLandscapeLeft UIInterfaceOrientationLandscapeRight";
				INFOPLIST_KEY_UISupportedInterfaceOrientations_iPhone = "UIInterfaceOrientationPortrait UIInterfaceOrientationLandscapeLeft UIInterfaceOrientationLandscapeRight";
				LD_RUNPATH_SEARCH_PATHS = (
					"$(inherited)",
					"@executable_path/Frameworks",
				);
				MARKETING_VERSION = 1.0;
				PRODUCT_BUNDLE_IDENTIFIER = "abc.test.Networking-Assignmnet";
				PRODUCT_NAME = "$(TARGET_NAME)";
				SWIFT_EMIT_LOC_STRINGS = YES;
				SWIFT_VERSION = 5.0;
				TARGETED_DEVICE_FAMILY = "1,2";
			};
			name = Debug;
		};
		929F086C2A85F5C6006C5132 /* Release */ = {
			isa = XCBuildConfiguration;
			buildSettings = {
				ASSETCATALOG_COMPILER_APPICON_NAME = AppIcon;
				ASSETCATALOG_COMPILER_GLOBAL_ACCENT_COLOR_NAME = AccentColor;
				CODE_SIGN_STYLE = Automatic;
				CURRENT_PROJECT_VERSION = 1;
				GENERATE_INFOPLIST_FILE = YES;
				INFOPLIST_FILE = Networking_Assignmnet/Info.plist;
				INFOPLIST_KEY_UIApplicationSupportsIndirectInputEvents = YES;
				INFOPLIST_KEY_UILaunchStoryboardName = LaunchScreen;
				INFOPLIST_KEY_UIMainStoryboardFile = Main;
				INFOPLIST_KEY_UISupportedInterfaceOrientations_iPad = "UIInterfaceOrientationPortrait UIInterfaceOrientationPortraitUpsideDown UIInterfaceOrientationLandscapeLeft UIInterfaceOrientationLandscapeRight";
				INFOPLIST_KEY_UISupportedInterfaceOrientations_iPhone = "UIInterfaceOrientationPortrait UIInterfaceOrientationLandscapeLeft UIInterfaceOrientationLandscapeRight";
				LD_RUNPATH_SEARCH_PATHS = (
					"$(inherited)",
					"@executable_path/Frameworks",
				);
				MARKETING_VERSION = 1.0;
				PRODUCT_BUNDLE_IDENTIFIER = "abc.test.Networking-Assignmnet";
				PRODUCT_NAME = "$(TARGET_NAME)";
				SWIFT_EMIT_LOC_STRINGS = YES;
				SWIFT_VERSION = 5.0;
				TARGETED_DEVICE_FAMILY = "1,2";
			};
			name = Release;
		};
		929F086E2A85F5C6006C5132 /* Debug */ = {
			isa = XCBuildConfiguration;
			buildSettings = {
				ALWAYS_EMBED_SWIFT_STANDARD_LIBRARIES = YES;
				BUNDLE_LOADER = "$(TEST_HOST)";
				CODE_SIGN_STYLE = Automatic;
				CURRENT_PROJECT_VERSION = 1;
				GENERATE_INFOPLIST_FILE = YES;
				IPHONEOS_DEPLOYMENT_TARGET = 16.1;
				MARKETING_VERSION = 1.0;
				PRODUCT_BUNDLE_IDENTIFIER = "abc.test.Networking-AssignmnetTests";
				PRODUCT_NAME = "$(TARGET_NAME)";
				SWIFT_EMIT_LOC_STRINGS = NO;
				SWIFT_VERSION = 5.0;
				TARGETED_DEVICE_FAMILY = "1,2";
				TEST_HOST = "$(BUILT_PRODUCTS_DIR)/Networking_Assignmnet.app/$(BUNDLE_EXECUTABLE_FOLDER_PATH)/Networking_Assignmnet";
			};
			name = Debug;
		};
		929F086F2A85F5C6006C5132 /* Release */ = {
			isa = XCBuildConfiguration;
			buildSettings = {
				ALWAYS_EMBED_SWIFT_STANDARD_LIBRARIES = YES;
				BUNDLE_LOADER = "$(TEST_HOST)";
				CODE_SIGN_STYLE = Automatic;
				CURRENT_PROJECT_VERSION = 1;
				GENERATE_INFOPLIST_FILE = YES;
				IPHONEOS_DEPLOYMENT_TARGET = 16.1;
				MARKETING_VERSION = 1.0;
				PRODUCT_BUNDLE_IDENTIFIER = "abc.test.Networking-AssignmnetTests";
				PRODUCT_NAME = "$(TARGET_NAME)";
				SWIFT_EMIT_LOC_STRINGS = NO;
				SWIFT_VERSION = 5.0;
				TARGETED_DEVICE_FAMILY = "1,2";
				TEST_HOST = "$(BUILT_PRODUCTS_DIR)/Networking_Assignmnet.app/$(BUNDLE_EXECUTABLE_FOLDER_PATH)/Networking_Assignmnet";
			};
			name = Release;
		};
		929F08712A85F5C6006C5132 /* Debug */ = {
			isa = XCBuildConfiguration;
			buildSettings = {
				ALWAYS_EMBED_SWIFT_STANDARD_LIBRARIES = YES;
				CODE_SIGN_STYLE = Automatic;
				CURRENT_PROJECT_VERSION = 1;
				GENERATE_INFOPLIST_FILE = YES;
				MARKETING_VERSION = 1.0;
				PRODUCT_BUNDLE_IDENTIFIER = "abc.test.Networking-AssignmnetUITests";
				PRODUCT_NAME = "$(TARGET_NAME)";
				SWIFT_EMIT_LOC_STRINGS = NO;
				SWIFT_VERSION = 5.0;
				TARGETED_DEVICE_FAMILY = "1,2";
				TEST_TARGET_NAME = Networking_Assignmnet;
			};
			name = Debug;
		};
		929F08722A85F5C6006C5132 /* Release */ = {
			isa = XCBuildConfiguration;
			buildSettings = {
				ALWAYS_EMBED_SWIFT_STANDARD_LIBRARIES = YES;
				CODE_SIGN_STYLE = Automatic;
				CURRENT_PROJECT_VERSION = 1;
				GENERATE_INFOPLIST_FILE = YES;
				MARKETING_VERSION = 1.0;
				PRODUCT_BUNDLE_IDENTIFIER = "abc.test.Networking-AssignmnetUITests";
				PRODUCT_NAME = "$(TARGET_NAME)";
				SWIFT_EMIT_LOC_STRINGS = NO;
				SWIFT_VERSION = 5.0;
				TARGETED_DEVICE_FAMILY = "1,2";
				TEST_TARGET_NAME = Networking_Assignmnet;
			};
			name = Release;
		};
/* End XCBuildConfiguration section */

/* Begin XCConfigurationList section */
		929F083B2A85F5C4006C5132 /* Build configuration list for PBXProject "Networking_Assignmnet" */ = {
			isa = XCConfigurationList;
			buildConfigurations = (
				929F08682A85F5C6006C5132 /* Debug */,
				929F08692A85F5C6006C5132 /* Release */,
			);
			defaultConfigurationIsVisible = 0;
			defaultConfigurationName = Release;
		};
		929F086A2A85F5C6006C5132 /* Build configuration list for PBXNativeTarget "Networking_Assignmnet" */ = {
			isa = XCConfigurationList;
			buildConfigurations = (
				929F086B2A85F5C6006C5132 /* Debug */,
				929F086C2A85F5C6006C5132 /* Release */,
			);
			defaultConfigurationIsVisible = 0;
			defaultConfigurationName = Release;
		};
		929F086D2A85F5C6006C5132 /* Build configuration list for PBXNativeTarget "Networking_AssignmnetTests" */ = {
			isa = XCConfigurationList;
			buildConfigurations = (
				929F086E2A85F5C6006C5132 /* Debug */,
				929F086F2A85F5C6006C5132 /* Release */,
			);
			defaultConfigurationIsVisible = 0;
			defaultConfigurationName = Release;
		};
		929F08702A85F5C6006C5132 /* Build configuration list for PBXNativeTarget "Networking_AssignmnetUITests" */ = {
			isa = XCConfigurationList;
			buildConfigurations = (
				929F08712A85F5C6006C5132 /* Debug */,
				929F08722A85F5C6006C5132 /* Release */,
			);
			defaultConfigurationIsVisible = 0;
			defaultConfigurationName = Release;
		};
/* End XCConfigurationList section */
	};
	rootObject = 929F08382A85F5C4006C5132 /* Project object */;
}
